
Microsoft Visual Studio Solution File, Format Version 10.00
# Visual Studio 2008
Project("{F2A71F9B-5D33-465A-A702-920D77279786}") = "Parser", "Parser\Parser.fsproj", "{57DE8D08-F1F2-4001-A91B-117320C0C83E}"
EndProject
Project("{FAE04EC0-301F-11D3-BF4B-00C04F79EFBC}") = "Interpreter", "Interpreter\Interpreter.csproj", "{A6570A44-69F6-48F1-8925-EAE333A787D2}"
EndProject
Global
	GlobalSection(SolutionConfigurationPlatforms) = preSolution
		Debug|Any CPU = Debug|Any CPU
		Release|Any CPU = Release|Any CPU
	EndGlobalSection
	GlobalSection(ProjectConfigurationPlatforms) = postSolution
		{57DE8D08-F1F2-4001-A91B-117320C0C83E}.Debug|Any CPU.ActiveCfg = Debug|Any CPU
		{57DE8D08-F1F2-4001-A91B-117320C0C83E}.Debug|Any CPU.Build.0 = Debug|Any CPU
		{57DE8D08-F1F2-4001-A91B-117320C0C83E}.Release|Any CPU.ActiveCfg = Release|Any CPU
		{57DE8D08-F1F2-4001-A91B-117320C0C83E}.Release|Any CPU.Build.0 = Release|Any CPU
		{A6570A44-69F6-48F1-8925-EAE333A787D2}.Debug|Any CPU.ActiveCfg = Debug|Any CPU
		{A6570A44-69F6-48F1-8925-EAE333A787D2}.Debug|Any CPU.Build.0 = Debug|Any CPU
		{A6570A44-69F6-48F1-8925-EAE333A787D2}.Release|Any CPU.ActiveCfg = Release|Any CPU
		{A6570A44-69F6-48F1-8925-EAE333A787D2}.Release|Any CPU.Build.0 = Release|Any CPU
	EndGlobalSection
	GlobalSection(SolutionProperties) = preSolution
		HideSolutionNode = FALSE
	EndGlobalSection
	GlobalSection(ExtensibilityGlobals) = postSolution
		VisualSVNWorkingCopyRoot = .
	EndGlobalSection
EndGlobal
